
Microsoft Visual Studio Solution File, Format Version 12.00
# Visual Studio Version 17
VisualStudioVersion = 17.0.31903.59
MinimumVisualStudioVersion = 10.0.40219.1
Project("{FAE04EC0-301F-11D3-BF4B-00C04F79EFBC}") = "Gomoku.api", "Gomoku.api\Gomoku.api.csproj", "{3A4EDC86-7377-4625-9472-046A6F7B8D4A}"
EndProject
Project("{FAE04EC0-301F-11D3-BF4B-00C04F79EFBC}") = "Gomoku.Logic", "Gomoku.Logic\Gomoku.Logic.csproj", "{EDA71E6A-FD2A-4270-8F19-22F31B34A0BA}"
EndProject
Project("{FAE04EC0-301F-11D3-BF4B-00C04F79EFBC}") = "Gomoku.Logic.Tests", "Gomoku.Logic.Tests\Gomoku.Logic.Tests.csproj", "{5AD594C8-5DAA-40AE-ACEE-B346D3B7E2D9}"
EndProject
Global
	GlobalSection(SolutionConfigurationPlatforms) = preSolution
		Debug|Any CPU = Debug|Any CPU
		Release|Any CPU = Release|Any CPU
	EndGlobalSection
	GlobalSection(ProjectConfigurationPlatforms) = postSolution
		{3A4EDC86-7377-4625-9472-046A6F7B8D4A}.Debug|Any CPU.ActiveCfg = Debug|Any CPU
		{3A4EDC86-7377-4625-9472-046A6F7B8D4A}.Debug|Any CPU.Build.0 = Debug|Any CPU
		{3A4EDC86-7377-4625-9472-046A6F7B8D4A}.Release|Any CPU.ActiveCfg = Release|Any CPU
		{3A4EDC86-7377-4625-9472-046A6F7B8D4A}.Release|Any CPU.Build.0 = Release|Any CPU
		{EDA71E6A-FD2A-4270-8F19-22F31B34A0BA}.Debug|Any CPU.ActiveCfg = Debug|Any CPU
		{EDA71E6A-FD2A-4270-8F19-22F31B34A0BA}.Debug|Any CPU.Build.0 = Debug|Any CPU
		{EDA71E6A-FD2A-4270-8F19-22F31B34A0BA}.Release|Any CPU.ActiveCfg = Release|Any CPU
		{EDA71E6A-FD2A-4270-8F19-22F31B34A0BA}.Release|Any CPU.Build.0 = Release|Any CPU
		{5AD594C8-5DAA-40AE-ACEE-B346D3B7E2D9}.Debug|Any CPU.ActiveCfg = Debug|Any CPU
		{5AD594C8-5DAA-40AE-ACEE-B346D3B7E2D9}.Debug|Any CPU.Build.0 = Debug|Any CPU
		{5AD594C8-5DAA-40AE-ACEE-B346D3B7E2D9}.Release|Any CPU.ActiveCfg = Release|Any CPU
		{5AD594C8-5DAA-40AE-ACEE-B346D3B7E2D9}.Release|Any CPU.Build.0 = Release|Any CPU
	EndGlobalSection
	GlobalSection(SolutionProperties) = preSolution
		HideSolutionNode = FALSE
	EndGlobalSection
	GlobalSection(ExtensibilityGlobals) = postSolution
		SolutionGuid = {E75E0243-2231-4EA7-8E39-7F44E8BB8894}
	EndGlobalSection
EndGlobal
